
Microsoft Visual Studio Solution File, Format Version 12.00
# Visual Studio Version 16
VisualStudioVersion = 16.0.29102.190
MinimumVisualStudioVersion = 10.0.40219.1
Project("{FAE04EC0-301F-11D3-BF4B-00C04F79EFBC}") = "APIExample", "APIExample.csproj", "{B12CCA22-018F-4741-BA98-562BA0E78628}"
EndProject
Global
	GlobalSection(SolutionConfigurationPlatforms) = preSolution
		Debug|Any CPU = Debug|Any CPU
		Release|Any CPU = Release|Any CPU
	EndGlobalSection
	GlobalSection(ProjectConfigurationPlatforms) = postSolution
		{B12CCA22-018F-4741-BA98-562BA0E78628}.Debug|Any CPU.ActiveCfg = Debug|Any CPU
		{B12CCA22-018F-4741-BA98-562BA0E78628}.Debug|Any CPU.Build.0 = Debug|Any CPU
		{B12CCA22-018F-4741-BA98-562BA0E78628}.Release|Any CPU.ActiveCfg = Release|Any CPU
		{B12CCA22-018F-4741-BA98-562BA0E78628}.Release|Any CPU.Build.0 = Release|Any CPU
	EndGlobalSection
	GlobalSection(SolutionProperties) = preSolution
		HideSolutionNode = FALSE
	EndGlobalSection
	GlobalSection(ExtensibilityGlobals) = postSolution
		SolutionGuid = {71134875-498D-46DB-9CA4-CE6C1C919DFD}
	EndGlobalSection
EndGlobal
